Microsoft Visual Studio Solution File, Format Version 12.00
# Visual Studio Version 17
VisualStudioVersion = 17.0.31903.59
MinimumVisualStudioVersion = 10.0.40219.1
Project("{FAE04EC0-301F-11D3-BF4B-00C04F79EFBC}") = "Build", "common\Build\Build.csproj", "{99C31ADB-5389-4D25-A2F2-3DF1B43F6AA8}"
EndProject
Project("{FAE04EC0-301F-11D3-BF4B-00C04F79EFBC}") = "Build.Tests", "common\Build.Tests\Build.Tests.csproj", "{B836A11E-DDA2-4980-B83E-F8F48F2AA788}"
EndProject
Global
	GlobalSection(SolutionConfigurationPlatforms) = preSolution
		Debug|Any CPU = Debug|Any CPU
		Release|Any CPU = Release|Any CPU
	EndGlobalSection
	GlobalSection(ProjectConfigurationPlatforms) = postSolution
		{99C31ADB-5389-4D25-A2F2-3DF1B43F6AA8}.Debug|Any CPU.ActiveCfg = Debug|Any CPU
		{99C31ADB-5389-4D25-A2F2-3DF1B43F6AA8}.Debug|Any CPU.Build.0 = Debug|Any CPU
		{99C31ADB-5389-4D25-A2F2-3DF1B43F6AA8}.Release|Any CPU.ActiveCfg = Release|Any CPU
		{99C31ADB-5389-4D25-A2F2-3DF1B43F6AA8}.Release|Any CPU.Build.0 = Release|Any CPU
		{B836A11E-DDA2-4980-B83E-F8F48F2AA788}.Debug|Any CPU.ActiveCfg = Debug|Any CPU
		{B836A11E-DDA2-4980-B83E-F8F48F2AA788}.Debug|Any CPU.Build.0 = Debug|Any CPU
		{B836A11E-DDA2-4980-B83E-F8F48F2AA788}.Release|Any CPU.ActiveCfg = Release|Any CPU
		{B836A11E-DDA2-4980-B83E-F8F48F2AA788}.Release|Any CPU.Build.0 = Release|Any CPU
	EndGlobalSection
EndGlobal
